
Microsoft Visual Studio Solution File, Format Version 12.00
# Visual Studio Version 17
VisualStudioVersion = 17.5.33502.453
MinimumVisualStudioVersion = 10.0.40219.1
Project("{FAE04EC0-301F-11D3-BF4B-00C04F79EFBC}") = "BddOrange", "BddOrange\BddOrange.csproj", "{F82093C4-7CE8-4B44-94D4-989E9B717BA0}"
EndProject
Global
	GlobalSection(SolutionConfigurationPlatforms) = preSolution
		Debug|Any CPU = Debug|Any CPU
		Release|Any CPU = Release|Any CPU
	EndGlobalSection
	GlobalSection(ProjectConfigurationPlatforms) = postSolution
		{F82093C4-7CE8-4B44-94D4-989E9B717BA0}.Debug|Any CPU.ActiveCfg = Debug|Any CPU
		{F82093C4-7CE8-4B44-94D4-989E9B717BA0}.Debug|Any CPU.Build.0 = Debug|Any CPU
		{F82093C4-7CE8-4B44-94D4-989E9B717BA0}.Release|Any CPU.ActiveCfg = Release|Any CPU
		{F82093C4-7CE8-4B44-94D4-989E9B717BA0}.Release|Any CPU.Build.0 = Release|Any CPU
	EndGlobalSection
	GlobalSection(SolutionProperties) = preSolution
		HideSolutionNode = FALSE
	EndGlobalSection
	GlobalSection(ExtensibilityGlobals) = postSolution
		SolutionGuid = {36F658C9-70C7-4DD5-9986-0D1D8F99E458}
	EndGlobalSection
EndGlobal
